
Microsoft Visual Studio Solution File, Format Version 12.00
# Visual Studio Version 16
VisualStudioVersion = 16.0.31229.75
MinimumVisualStudioVersion = 10.0.40219.1
Project("{9A19103F-16F7-4668-BE54-9A1E7A4F7556}") = "FreewheelAssessment", "FreewheelAssessment\FreewheelAssessment.csproj", "{D06D2386-CC2D-4747-A464-5670DF9AD4CA}"
EndProject
Project("{9A19103F-16F7-4668-BE54-9A1E7A4F7556}") = "FW.Entities", "FW.Entities\FW.Entities.csproj", "{6E3B1BF6-26B9-4A64-B6F3-9EF7A305D86D}"
EndProject
Project("{FAE04EC0-301F-11D3-BF4B-00C04F79EFBC}") = "FW.Services", "FW.Services\FW.Services.csproj", "{82E4793C-767A-4877-B57F-C2247CC14CCC}"
EndProject
Project("{FAE04EC0-301F-11D3-BF4B-00C04F79EFBC}") = "FW.Models", "FW.Models\FW.Models.csproj", "{89D48D92-7FCC-4E40-8DCC-F838F88D70B0}"
EndProject
Global
	GlobalSection(SolutionConfigurationPlatforms) = preSolution
		Debug|Any CPU = Debug|Any CPU
		Release|Any CPU = Release|Any CPU
	EndGlobalSection
	GlobalSection(ProjectConfigurationPlatforms) = postSolution
		{D06D2386-CC2D-4747-A464-5670DF9AD4CA}.Debug|Any CPU.ActiveCfg = Debug|Any CPU
		{D06D2386-CC2D-4747-A464-5670DF9AD4CA}.Debug|Any CPU.Build.0 = Debug|Any CPU
		{D06D2386-CC2D-4747-A464-5670DF9AD4CA}.Release|Any CPU.ActiveCfg = Release|Any CPU
		{D06D2386-CC2D-4747-A464-5670DF9AD4CA}.Release|Any CPU.Build.0 = Release|Any CPU
		{6E3B1BF6-26B9-4A64-B6F3-9EF7A305D86D}.Debug|Any CPU.ActiveCfg = Debug|Any CPU
		{6E3B1BF6-26B9-4A64-B6F3-9EF7A305D86D}.Debug|Any CPU.Build.0 = Debug|Any CPU
		{6E3B1BF6-26B9-4A64-B6F3-9EF7A305D86D}.Release|Any CPU.ActiveCfg = Release|Any CPU
		{6E3B1BF6-26B9-4A64-B6F3-9EF7A305D86D}.Release|Any CPU.Build.0 = Release|Any CPU
		{82E4793C-767A-4877-B57F-C2247CC14CCC}.Debug|Any CPU.ActiveCfg = Debug|Any CPU
		{82E4793C-767A-4877-B57F-C2247CC14CCC}.Debug|Any CPU.Build.0 = Debug|Any CPU
		{82E4793C-767A-4877-B57F-C2247CC14CCC}.Release|Any CPU.ActiveCfg = Release|Any CPU
		{82E4793C-767A-4877-B57F-C2247CC14CCC}.Release|Any CPU.Build.0 = Release|Any CPU
		{89D48D92-7FCC-4E40-8DCC-F838F88D70B0}.Debug|Any CPU.ActiveCfg = Debug|Any CPU
		{89D48D92-7FCC-4E40-8DCC-F838F88D70B0}.Debug|Any CPU.Build.0 = Debug|Any CPU
		{89D48D92-7FCC-4E40-8DCC-F838F88D70B0}.Release|Any CPU.ActiveCfg = Release|Any CPU
		{89D48D92-7FCC-4E40-8DCC-F838F88D70B0}.Release|Any CPU.Build.0 = Release|Any CPU
	EndGlobalSection
	GlobalSection(SolutionProperties) = preSolution
		HideSolutionNode = FALSE
	EndGlobalSection
	GlobalSection(ExtensibilityGlobals) = postSolution
		SolutionGuid = {438ACD2E-9D6B-494D-8D66-221B005F177D}
	EndGlobalSection
EndGlobal
